
Microsoft Visual Studio Solution File, Format Version 12.00
# Visual Studio 15
VisualStudioVersion = 15.0.28307.572
MinimumVisualStudioVersion = 10.0.40219.1
Project("{FAE04EC0-301F-11D3-BF4B-00C04F79EFBC}") = "Lands.Android", "Lands\Lands.Android\Lands.Android.csproj", "{C8B13066-ECCE-4D94-ACFD-07FD711A5064}"
EndProject
Project("{FAE04EC0-301F-11D3-BF4B-00C04F79EFBC}") = "Lands.iOS", "Lands\Lands.iOS\Lands.iOS.csproj", "{C94E6968-0CE6-44EF-A88C-8AF399693F20}"
EndProject
Project("{FAE04EC0-301F-11D3-BF4B-00C04F79EFBC}") = "Lands", "Lands\Lands\Lands.csproj", "{588525AF-00AE-4B61-A54A-A20EC6BCD76F}"
EndProject
Global
	GlobalSection(SolutionConfigurationPlatforms) = preSolution
		Ad-Hoc|Any CPU = Ad-Hoc|Any CPU
		Ad-Hoc|iPhone = Ad-Hoc|iPhone
		Ad-Hoc|iPhoneSimulator = Ad-Hoc|iPhoneSimulator
		AppStore|Any CPU = AppStore|Any CPU
		AppStore|iPhone = AppStore|iPhone
		AppStore|iPhoneSimulator = AppStore|iPhoneSimulator
		Debug|Any CPU = Debug|Any CPU
		Debug|iPhone = Debug|iPhone
		Debug|iPhoneSimulator = Debug|iPhoneSimulator
		Release|Any CPU = Release|Any CPU
		Release|iPhone = Release|iPhone
		Release|iPhoneSimulator = Release|iPhoneSimulator
	EndGlobalSection
	GlobalSection(ProjectConfigurationPlatforms) = postSolution
		{C8B13066-ECCE-4D94-ACFD-07FD711A5064}.Ad-Hoc|Any CPU.ActiveCfg = Release|Any CPU
		{C8B13066-ECCE-4D94-ACFD-07FD711A5064}.Ad-Hoc|Any CPU.Build.0 = Release|Any CPU
		{C8B13066-ECCE-4D94-ACFD-07FD711A5064}.Ad-Hoc|Any CPU.Deploy.0 = Release|Any CPU
		{C8B13066-ECCE-4D94-ACFD-07FD711A5064}.Ad-Hoc|iPhone.ActiveCfg = Release|Any CPU
		{C8B13066-ECCE-4D94-ACFD-07FD711A5064}.Ad-Hoc|iPhone.Build.0 = Release|Any CPU
		{C8B13066-ECCE-4D94-ACFD-07FD711A5064}.Ad-Hoc|iPhone.Deploy.0 = Release|Any CPU
		{C8B13066-ECCE-4D94-ACFD-07FD711A5064}.Ad-Hoc|iPhoneSimulator.ActiveCfg = Release|Any CPU
		{C8B13066-ECCE-4D94-ACFD-07FD711A5064}.Ad-Hoc|iPhoneSimulator.Build.0 = Release|Any CPU
		{C8B13066-ECCE-4D94-ACFD-07FD711A5064}.Ad-Hoc|iPhoneSimulator.Deploy.0 = Release|Any CPU
		{C8B13066-ECCE-4D94-ACFD-07FD711A5064}.AppStore|Any CPU.ActiveCfg = Release|Any CPU
		{C8B13066-ECCE-4D94-ACFD-07FD711A5064}.AppStore|Any CPU.Build.0 = Release|Any CPU
		{C8B13066-ECCE-4D94-ACFD-07FD711A5064}.AppStore|Any CPU.Deploy.0 = Release|Any CPU
		{C8B13066-ECCE-4D94-ACFD-07FD711A5064}.AppStore|iPhone.ActiveCfg = Release|Any CPU
		{C8B13066-ECCE-4D94-ACFD-07FD711A5064}.AppStore|iPhone.Build.0 = Release|Any CPU
		{C8B13066-ECCE-4D94-ACFD-07FD711A5064}.AppStore|iPhone.Deploy.0 = Release|Any CPU
		{C8B13066-ECCE-4D94-ACFD-07FD711A5064}.AppStore|iPhoneSimulator.ActiveCfg = Release|Any CPU
		{C8B13066-ECCE-4D94-ACFD-07FD711A5064}.AppStore|iPhoneSimulator.Build.0 = Release|Any CPU
		{C8B13066-ECCE-4D94-ACFD-07FD711A5064}.AppStore|iPhoneSimulator.Deploy.0 = Release|Any CPU
		{C8B13066-ECCE-4D94-ACFD-07FD711A5064}.Debug|Any CPU.ActiveCfg = Debug|Any CPU
		{C8B13066-ECCE-4D94-ACFD-07FD711A5064}.Debug|Any CPU.Build.0 = Debug|Any CPU
		{C8B13066-ECCE-4D94-ACFD-07FD711A5064}.Debug|Any CPU.Deploy.0 = Debug|Any CPU
		{C8B13066-ECCE-4D94-ACFD-07FD711A5064}.Debug|iPhone.ActiveCfg = Debug|Any CPU
		{C8B13066-ECCE-4D94-ACFD-07FD711A5064}.Debug|iPhone.Build.0 = Debug|Any CPU
		{C8B13066-ECCE-4D94-ACFD-07FD711A5064}.Debug|iPhone.Deploy.0 = Debug|Any CPU
		{C8B13066-ECCE-4D94-ACFD-07FD711A5064}.Debug|iPhoneSimulator.ActiveCfg = Debug|Any CPU
		{C8B13066-ECCE-4D94-ACFD-07FD711A5064}.Debug|iPhoneSimulator.Build.0 = Debug|Any CPU
		{C8B13066-ECCE-4D94-ACFD-07FD711A5064}.Debug|iPhoneSimulator.Deploy.0 = Debug|Any CPU
		{C8B13066-ECCE-4D94-ACFD-07FD711A5064}.Release|Any CPU.ActiveCfg = Release|Any CPU
		{C8B13066-ECCE-4D94-ACFD-07FD711A5064}.Release|Any CPU.Build.0 = Release|Any CPU
		{C8B13066-ECCE-4D94-ACFD-07FD711A5064}.Release|Any CPU.Deploy.0 = Release|Any CPU
		{C8B13066-ECCE-4D94-ACFD-07FD711A5064}.Release|iPhone.ActiveCfg = Release|Any CPU
		{C8B13066-ECCE-4D94-ACFD-07FD711A5064}.Release|iPhone.Build.0 = Release|Any CPU
		{C8B13066-ECCE-4D94-ACFD-07FD711A5064}.Release|iPhone.Deploy.0 = Release|Any CPU
		{C8B13066-ECCE-4D94-ACFD-07FD711A5064}.Release|iPhoneSimulator.ActiveCfg = Release|Any CPU
		{C8B13066-ECCE-4D94-ACFD-07FD711A5064}.Release|iPhoneSimulator.Build.0 = Release|Any CPU
		{C8B13066-ECCE-4D94-ACFD-07FD711A5064}.Release|iPhoneSimulator.Deploy.0 = Release|Any CPU
		{C94E6968-0CE6-44EF-A88C-8AF399693F20}.Ad-Hoc|Any CPU.ActiveCfg = Ad-Hoc|iPhone
		{C94E6968-0CE6-44EF-A88C-8AF399693F20}.Ad-Hoc|Any CPU.Build.0 = Ad-Hoc|iPhone
		{C94E6968-0CE6-44EF-A88C-8AF399693F20}.Ad-Hoc|Any CPU.Deploy.0 = Ad-Hoc|iPhone
		{C94E6968-0CE6-44EF-A88C-8AF399693F20}.Ad-Hoc|iPhone.ActiveCfg = Ad-Hoc|iPhone
		{C94E6968-0CE6-44EF-A88C-8AF399693F20}.Ad-Hoc|iPhone.Build.0 = Ad-Hoc|iPhone
		{C94E6968-0CE6-44EF-A88C-8AF399693F20}.Ad-Hoc|iPhone.Deploy.0 = Ad-Hoc|iPhone
		{C94E6968-0CE6-44EF-A88C-8AF399693F20}.Ad-Hoc|iPhoneSimulator.ActiveCfg = Ad-Hoc|iPhoneSimulator
		{C94E6968-0CE6-44EF-A88C-8AF399693F20}.Ad-Hoc|iPhoneSimulator.Build.0 = Ad-Hoc|iPhoneSimulator
		{C94E6968-0CE6-44EF-A88C-8AF399693F20}.Ad-Hoc|iPhoneSimulator.Deploy.0 = Ad-Hoc|iPhoneSimulator
		{C94E6968-0CE6-44EF-A88C-8AF399693F20}.AppStore|Any CPU.ActiveCfg = AppStore|iPhone
		{C94E6968-0CE6-44EF-A88C-8AF399693F20}.AppStore|Any CPU.Build.0 = AppStore|iPhone
		{C94E6968-0CE6-44EF-A88C-8AF399693F20}.AppStore|Any CPU.Deploy.0 = AppStore|iPhone
		{C94E6968-0CE6-44EF-A88C-8AF399693F20}.AppStore|iPhone.ActiveCfg = AppStore|iPhone
		{C94E6968-0CE6-44EF-A88C-8AF399693F20}.AppStore|iPhone.Build.0 = AppStore|iPhone
		{C94E6968-0CE6-44EF-A88C-8AF399693F20}.AppStore|iPhone.Deploy.0 = AppStore|iPhone
		{C94E6968-0CE6-44EF-A88C-8AF399693F20}.AppStore|iPhoneSimulator.ActiveCfg = AppStore|iPhoneSimulator
		{C94E6968-0CE6-44EF-A88C-8AF399693F20}.AppStore|iPhoneSimulator.Build.0 = AppStore|iPhoneSimulator
		{C94E6968-0CE6-44EF-A88C-8AF399693F20}.AppStore|iPhoneSimulator.Deploy.0 = AppStore|iPhoneSimulator
		{C94E6968-0CE6-44EF-A88C-8AF399693F20}.Debug|Any CPU.ActiveCfg = Debug|iPhoneSimulator
		{C94E6968-0CE6-44EF-A88C-8AF399693F20}.Debug|Any CPU.Build.0 = Debug|iPhoneSimulator
		{C94E6968-0CE6-44EF-A88C-8AF399693F20}.Debug|Any CPU.Deploy.0 = Debug|iPhoneSimulator
		{C94E6968-0CE6-44EF-A88C-8AF399693F20}.Debug|iPhone.ActiveCfg = Debug|iPhone
		{C94E6968-0CE6-44EF-A88C-8AF399693F20}.Debug|iPhone.Build.0 = Debug|iPhone
		{C94E6968-0CE6-44EF-A88C-8AF399693F20}.Debug|iPhone.Deploy.0 = Debug|iPhone
		{C94E6968-0CE6-44EF-A88C-8AF399693F20}.Debug|iPhoneSimulator.ActiveCfg = Debug|iPhoneSimulator
		{C94E6968-0CE6-44EF-A88C-8AF399693F20}.Debug|iPhoneSimulator.Build.0 = Debug|iPhoneSimulator
		{C94E6968-0CE6-44EF-A88C-8AF399693F20}.Debug|iPhoneSimulator.Deploy.0 = Debug|iPhoneSimulator
		{C94E6968-0CE6-44EF-A88C-8AF399693F20}.Release|Any CPU.ActiveCfg = Release|iPhone
		{C94E6968-0CE6-44EF-A88C-8AF399693F20}.Release|Any CPU.Build.0 = Release|iPhone
		{C94E6968-0CE6-44EF-A88C-8AF399693F20}.Release|Any CPU.Deploy.0 = Release|iPhone
		{C94E6968-0CE6-44EF-A88C-8AF399693F20}.Release|iPhone.ActiveCfg = Release|iPhone
		{C94E6968-0CE6-44EF-A88C-8AF399693F20}.Release|iPhone.Build.0 = Release|iPhone
		{C94E6968-0CE6-44EF-A88C-8AF399693F20}.Release|iPhone.Deploy.0 = Release|iPhone
		{C94E6968-0CE6-44EF-A88C-8AF399693F20}.Release|iPhoneSimulator.ActiveCfg = Release|iPhoneSimulator
		{C94E6968-0CE6-44EF-A88C-8AF399693F20}.Release|iPhoneSimulator.Build.0 = Release|iPhoneSimulator
		{C94E6968-0CE6-44EF-A88C-8AF399693F20}.Release|iPhoneSimulator.Deploy.0 = Release|iPhoneSimulator
		{588525AF-00AE-4B61-A54A-A20EC6BCD76F}.Ad-Hoc|Any CPU.ActiveCfg = Debug|Any CPU
		{588525AF-00AE-4B61-A54A-A20EC6BCD76F}.Ad-Hoc|Any CPU.Build.0 = Debug|Any CPU
		{588525AF-00AE-4B61-A54A-A20EC6BCD76F}.Ad-Hoc|Any CPU.Deploy.0 = Debug|Any CPU
		{588525AF-00AE-4B61-A54A-A20EC6BCD76F}.Ad-Hoc|iPhone.ActiveCfg = Debug|Any CPU
		{588525AF-00AE-4B61-A54A-A20EC6BCD76F}.Ad-Hoc|iPhone.Build.0 = Debug|Any CPU
		{588525AF-00AE-4B61-A54A-A20EC6BCD76F}.Ad-Hoc|iPhone.Deploy.0 = Debug|Any CPU
		{588525AF-00AE-4B61-A54A-A20EC6BCD76F}.Ad-Hoc|iPhoneSimulator.ActiveCfg = Debug|Any CPU
		{588525AF-00AE-4B61-A54A-A20EC6BCD76F}.Ad-Hoc|iPhoneSimulator.Build.0 = Debug|Any CPU
		{588525AF-00AE-4B61-A54A-A20EC6BCD76F}.Ad-Hoc|iPhoneSimulator.Deploy.0 = Debug|Any CPU
		{588525AF-00AE-4B61-A54A-A20EC6BCD76F}.AppStore|Any CPU.ActiveCfg = Debug|Any CPU
		{588525AF-00AE-4B61-A54A-A20EC6BCD76F}.AppStore|Any CPU.Build.0 = Debug|Any CPU
		{588525AF-00AE-4B61-A54A-A20EC6BCD76F}.AppStore|Any CPU.Deploy.0 = Debug|Any CPU
		{588525AF-00AE-4B61-A54A-A20EC6BCD76F}.AppStore|iPhone.ActiveCfg = Debug|Any CPU
		{588525AF-00AE-4B61-A54A-A20EC6BCD76F}.AppStore|iPhone.Build.0 = Debug|Any CPU
		{588525AF-00AE-4B61-A54A-A20EC6BCD76F}.AppStore|iPhone.Deploy.0 = Debug|Any CPU
		{588525AF-00AE-4B61-A54A-A20EC6BCD76F}.AppStore|iPhoneSimulator.ActiveCfg = Debug|Any CPU
		{588525AF-00AE-4B61-A54A-A20EC6BCD76F}.AppStore|iPhoneSimulator.Build.0 = Debug|Any CPU
		{588525AF-00AE-4B61-A54A-A20EC6BCD76F}.AppStore|iPhoneSimulator.Deploy.0 = Debug|Any CPU
		{588525AF-00AE-4B61-A54A-A20EC6BCD76F}.Debug|Any CPU.ActiveCfg = Debug|Any CPU
		{588525AF-00AE-4B61-A54A-A20EC6BCD76F}.Debug|Any CPU.Build.0 = Debug|Any CPU
		{588525AF-00AE-4B61-A54A-A20EC6BCD76F}.Debug|Any CPU.Deploy.0 = Debug|Any CPU
		{588525AF-00AE-4B61-A54A-A20EC6BCD76F}.Debug|iPhone.ActiveCfg = Debug|Any CPU
		{588525AF-00AE-4B61-A54A-A20EC6BCD76F}.Debug|iPhone.Build.0 = Debug|Any CPU
		{588525AF-00AE-4B61-A54A-A20EC6BCD76F}.Debug|iPhone.Deploy.0 = Debug|Any CPU
		{588525AF-00AE-4B61-A54A-A20EC6BCD76F}.Debug|iPhoneSimulator.ActiveCfg = Debug|Any CPU
		{588525AF-00AE-4B61-A54A-A20EC6BCD76F}.Debug|iPhoneSimulator.Build.0 = Debug|Any CPU
		{588525AF-00AE-4B61-A54A-A20EC6BCD76F}.Debug|iPhoneSimulator.Deploy.0 = Debug|Any CPU
		{588525AF-00AE-4B61-A54A-A20EC6BCD76F}.Release|Any CPU.ActiveCfg = Release|Any CPU
		{588525AF-00AE-4B61-A54A-A20EC6BCD76F}.Release|Any CPU.Build.0 = Release|Any CPU
		{588525AF-00AE-4B61-A54A-A20EC6BCD76F}.Release|Any CPU.Deploy.0 = Release|Any CPU
		{588525AF-00AE-4B61-A54A-A20EC6BCD76F}.Release|iPhone.ActiveCfg = Release|Any CPU
		{588525AF-00AE-4B61-A54A-A20EC6BCD76F}.Release|iPhone.Build.0 = Release|Any CPU
		{588525AF-00AE-4B61-A54A-A20EC6BCD76F}.Release|iPhone.Deploy.0 = Release|Any CPU
		{588525AF-00AE-4B61-A54A-A20EC6BCD76F}.Release|iPhoneSimulator.ActiveCfg = Release|Any CPU
		{588525AF-00AE-4B61-A54A-A20EC6BCD76F}.Release|iPhoneSimulator.Build.0 = Release|Any CPU
		{588525AF-00AE-4B61-A54A-A20EC6BCD76F}.Release|iPhoneSimulator.Deploy.0 = Release|Any CPU
	EndGlobalSection
	GlobalSection(SolutionProperties) = preSolution
		HideSolutionNode = FALSE
	EndGlobalSection
	GlobalSection(ExtensibilityGlobals) = postSolution
		SolutionGuid = {A6D7D2F4-8FED-4A30-A13B-309B705C4806}
	EndGlobalSection
EndGlobal
